
Microsoft Visual Studio Solution File, Format Version 12.00
# Visual Studio Version 16
VisualStudioVersion = 16.0.31205.134
MinimumVisualStudioVersion = 10.0.40219.1
Project("{FAE04EC0-301F-11D3-BF4B-00C04F79EFBC}") = "Employers", "Employers\Employers.csproj", "{284FF282-D938-4084-A8D2-3B85E4ACD8DD}"
EndProject
Global
	GlobalSection(SolutionConfigurationPlatforms) = preSolution
		Debug|Any CPU = Debug|Any CPU
		Release|Any CPU = Release|Any CPU
	EndGlobalSection
	GlobalSection(ProjectConfigurationPlatforms) = postSolution
		{284FF282-D938-4084-A8D2-3B85E4ACD8DD}.Debug|Any CPU.ActiveCfg = Debug|Any CPU
		{284FF282-D938-4084-A8D2-3B85E4ACD8DD}.Debug|Any CPU.Build.0 = Debug|Any CPU
		{284FF282-D938-4084-A8D2-3B85E4ACD8DD}.Release|Any CPU.ActiveCfg = Release|Any CPU
		{284FF282-D938-4084-A8D2-3B85E4ACD8DD}.Release|Any CPU.Build.0 = Release|Any CPU
	EndGlobalSection
	GlobalSection(SolutionProperties) = preSolution
		HideSolutionNode = FALSE
	EndGlobalSection
	GlobalSection(ExtensibilityGlobals) = postSolution
		SolutionGuid = {F2D456B9-12C6-4362-BD88-F1E301FA938B}
	EndGlobalSection
EndGlobal
